
Microsoft Visual Studio Solution File, Format Version 12.00
# Visual Studio 14
VisualStudioVersion = 14.0.25420.1
MinimumVisualStudioVersion = 10.0.40219.1
Project("{FAE04EC0-301F-11D3-BF4B-00C04F79EFBC}") = "SPLConqueror_Core", "SPLConqueror\SPLConqueror_Core.csproj", "{1F035958-15B1-450A-BFC5-BEBD95376C40}"
EndProject
Project("{FAE04EC0-301F-11D3-BF4B-00C04F79EFBC}") = "CommandLine", "CommandLine\CommandLine.csproj", "{FE44070A-24E6-4A10-820F-854FF74C0DFB}"
	ProjectSection(ProjectDependencies) = postProject
		{1F035958-15B1-450A-BFC5-BEBD95376C40} = {1F035958-15B1-450A-BFC5-BEBD95376C40}
	EndProjectSection
EndProject
Project("{FAE04EC0-301F-11D3-BF4B-00C04F79EFBC}") = "MachineLearning", "MachineLearning\MachineLearning.csproj", "{AEBDC4EA-60AD-4A95-8407-059B07150782}"
EndProject
Project("{FAE04EC0-301F-11D3-BF4B-00C04F79EFBC}") = "Test", "Test\Test.csproj", "{DB86CE53-028B-4407-907C-7CCA0F6AE7B4}"
EndProject
Project("{FAE04EC0-301F-11D3-BF4B-00C04F79EFBC}") = "ScriptGenerator", "ScriptGenerator\ScriptGenerator.csproj", "{D56A3575-D0FD-45DD-82A1-D0BA3BAE834A}"
EndProject
Project("{FAE04EC0-301F-11D3-BF4B-00C04F79EFBC}") = "VariabilityModel_GUI", "VariabilityModel_GUI\VariabilityModel_GUI.csproj", "{3C922751-4E88-47F8-89D7-1D3D4BC4E533}"
EndProject
Project("{FAE04EC0-301F-11D3-BF4B-00C04F79EFBC}") = "PerformancePrediction_GUI", "PerformancePrediction_GUI\PerformancePrediction_GUI.csproj", "{82A4D072-D917-47EF-AE1B-D1FF61F1238D}"
EndProject
Project("{FAE04EC0-301F-11D3-BF4B-00C04F79EFBC}") = "SPLConqueror_GUI", "SPLConqueror_GUI\SPLConqueror_GUI.csproj", "{A81DC854-379B-4EF7-8FB3-0FD857B1B960}"
EndProject
Project("{FAE04EC0-301F-11D3-BF4B-00C04F79EFBC}") = "ProcessWrapper", "PyML\ProcessWrapper.csproj", "{2BF7A78C-C6F4-4AFB-BE09-48B2B13F45E7}"
EndProject
Project("{FAE04EC0-301F-11D3-BF4B-00C04F79EFBC}") = "Persistence", "Persistence\Persistence.csproj", "{3A0ABB96-F33E-472A-998E-535A4F9668DB}"
EndProject
Project("{FAE04EC0-301F-11D3-BF4B-00C04F79EFBC}") = "SamplingUnitTest", "SamplingUnitTest\SamplingUnitTest.csproj", "{C15B0D58-A30A-4F45-AFE9-C6E2295305E1}"
EndProject
Project("{FAE04EC0-301F-11D3-BF4B-00C04F79EFBC}") = "MachineLearningTest", "MachineLearningTest\MachineLearningTest.csproj", "{8F8485F6-449F-4512-B61F-6E834A16D6C4}"
EndProject
Project("{FAE04EC0-301F-11D3-BF4B-00C04F79EFBC}") = "SPLConquerorCoreTest", "SPLConquerorCoreTest\SPLConquerorCoreTest.csproj", "{C262B96D-E51A-4293-8271-40D00DBB8B7E}"
EndProject
Project("{FAE04EC0-301F-11D3-BF4B-00C04F79EFBC}") = "PythonTest", "PythonTest\PythonTest.csproj", "{16FE7FA8-267E-45C8-9C27-FF396EBA789C}"
EndProject
Project("{FAE04EC0-301F-11D3-BF4B-00C04F79EFBC}") = "Util", "Util\Util.csproj", "{9F6B4C96-40A8-46D0-9FE5-C501A2F9A4A4}"
EndProject
Global
	GlobalSection(SolutionConfigurationPlatforms) = preSolution
		Debug|Any CPU = Debug|Any CPU
		Debug|Mixed Platforms = Debug|Mixed Platforms
		Debug|Win32 = Debug|Win32
		Debug|x64 = Debug|x64
		Debug|x86 = Debug|x86
		Release|Any CPU = Release|Any CPU
		Release|Mixed Platforms = Release|Mixed Platforms
		Release|Win32 = Release|Win32
		Release|x64 = Release|x64
		Release|x86 = Release|x86
	EndGlobalSection
	GlobalSection(ProjectConfigurationPlatforms) = postSolution
		{1F035958-15B1-450A-BFC5-BEBD95376C40}.Debug|Any CPU.ActiveCfg = Debug|x64
		{1F035958-15B1-450A-BFC5-BEBD95376C40}.Debug|Any CPU.Build.0 = Debug|x64
		{1F035958-15B1-450A-BFC5-BEBD95376C40}.Debug|Mixed Platforms.ActiveCfg = Debug|x64
		{1F035958-15B1-450A-BFC5-BEBD95376C40}.Debug|Mixed Platforms.Build.0 = Debug|x64
		{1F035958-15B1-450A-BFC5-BEBD95376C40}.Debug|Win32.ActiveCfg = Debug|Any CPU
		{1F035958-15B1-450A-BFC5-BEBD95376C40}.Debug|x64.ActiveCfg = Debug|x64
		{1F035958-15B1-450A-BFC5-BEBD95376C40}.Debug|x64.Build.0 = Debug|x64
		{1F035958-15B1-450A-BFC5-BEBD95376C40}.Debug|x86.ActiveCfg = Debug|Any CPU
		{1F035958-15B1-450A-BFC5-BEBD95376C40}.Release|Any CPU.ActiveCfg = Release|x64
		{1F035958-15B1-450A-BFC5-BEBD95376C40}.Release|Any CPU.Build.0 = Release|x64
		{1F035958-15B1-450A-BFC5-BEBD95376C40}.Release|Mixed Platforms.ActiveCfg = Release|x64
		{1F035958-15B1-450A-BFC5-BEBD95376C40}.Release|Mixed Platforms.Build.0 = Release|x64
		{1F035958-15B1-450A-BFC5-BEBD95376C40}.Release|Win32.ActiveCfg = Release|Any CPU
		{1F035958-15B1-450A-BFC5-BEBD95376C40}.Release|x64.ActiveCfg = Release|x64
		{1F035958-15B1-450A-BFC5-BEBD95376C40}.Release|x64.Build.0 = Release|x64
		{1F035958-15B1-450A-BFC5-BEBD95376C40}.Release|x86.ActiveCfg = Release|Any CPU
		{FE44070A-24E6-4A10-820F-854FF74C0DFB}.Debug|Any CPU.ActiveCfg = Debug|x64
		{FE44070A-24E6-4A10-820F-854FF74C0DFB}.Debug|Any CPU.Build.0 = Debug|x64
		{FE44070A-24E6-4A10-820F-854FF74C0DFB}.Debug|Mixed Platforms.ActiveCfg = Debug|x64
		{FE44070A-24E6-4A10-820F-854FF74C0DFB}.Debug|Mixed Platforms.Build.0 = Debug|x64
		{FE44070A-24E6-4A10-820F-854FF74C0DFB}.Debug|Win32.ActiveCfg = Debug|x86
		{FE44070A-24E6-4A10-820F-854FF74C0DFB}.Debug|x64.ActiveCfg = Debug|x64
		{FE44070A-24E6-4A10-820F-854FF74C0DFB}.Debug|x64.Build.0 = Debug|x64
		{FE44070A-24E6-4A10-820F-854FF74C0DFB}.Debug|x86.ActiveCfg = Debug|x86
		{FE44070A-24E6-4A10-820F-854FF74C0DFB}.Debug|x86.Build.0 = Debug|x86
		{FE44070A-24E6-4A10-820F-854FF74C0DFB}.Release|Any CPU.ActiveCfg = Release|x64
		{FE44070A-24E6-4A10-820F-854FF74C0DFB}.Release|Any CPU.Build.0 = Release|x64
		{FE44070A-24E6-4A10-820F-854FF74C0DFB}.Release|Mixed Platforms.ActiveCfg = Release|x64
		{FE44070A-24E6-4A10-820F-854FF74C0DFB}.Release|Mixed Platforms.Build.0 = Release|x64
		{FE44070A-24E6-4A10-820F-854FF74C0DFB}.Release|Win32.ActiveCfg = Release|x86
		{FE44070A-24E6-4A10-820F-854FF74C0DFB}.Release|x64.ActiveCfg = Release|x64
		{FE44070A-24E6-4A10-820F-854FF74C0DFB}.Release|x64.Build.0 = Release|x64
		{FE44070A-24E6-4A10-820F-854FF74C0DFB}.Release|x86.ActiveCfg = Release|x86
		{FE44070A-24E6-4A10-820F-854FF74C0DFB}.Release|x86.Build.0 = Release|x86
		{AEBDC4EA-60AD-4A95-8407-059B07150782}.Debug|Any CPU.ActiveCfg = Debug|Any CPU
		{AEBDC4EA-60AD-4A95-8407-059B07150782}.Debug|Any CPU.Build.0 = Debug|Any CPU
		{AEBDC4EA-60AD-4A95-8407-059B07150782}.Debug|Mixed Platforms.ActiveCfg = Debug|x64
		{AEBDC4EA-60AD-4A95-8407-059B07150782}.Debug|Mixed Platforms.Build.0 = Debug|x64
		{AEBDC4EA-60AD-4A95-8407-059B07150782}.Debug|Win32.ActiveCfg = Debug|Any CPU
		{AEBDC4EA-60AD-4A95-8407-059B07150782}.Debug|x64.ActiveCfg = Debug|x64
		{AEBDC4EA-60AD-4A95-8407-059B07150782}.Debug|x64.Build.0 = Debug|x64
		{AEBDC4EA-60AD-4A95-8407-059B07150782}.Debug|x86.ActiveCfg = Debug|Any CPU
		{AEBDC4EA-60AD-4A95-8407-059B07150782}.Release|Any CPU.ActiveCfg = Release|x64
		{AEBDC4EA-60AD-4A95-8407-059B07150782}.Release|Any CPU.Build.0 = Release|x64
		{AEBDC4EA-60AD-4A95-8407-059B07150782}.Release|Mixed Platforms.ActiveCfg = Release|x64
		{AEBDC4EA-60AD-4A95-8407-059B07150782}.Release|Mixed Platforms.Build.0 = Release|x64
		{AEBDC4EA-60AD-4A95-8407-059B07150782}.Release|Win32.ActiveCfg = Release|Any CPU
		{AEBDC4EA-60AD-4A95-8407-059B07150782}.Release|x64.ActiveCfg = Release|x64
		{AEBDC4EA-60AD-4A95-8407-059B07150782}.Release|x64.Build.0 = Release|x64
		{AEBDC4EA-60AD-4A95-8407-059B07150782}.Release|x86.ActiveCfg = Release|Any CPU
		{DB86CE53-028B-4407-907C-7CCA0F6AE7B4}.Debug|Any CPU.ActiveCfg = Debug|x64
		{DB86CE53-028B-4407-907C-7CCA0F6AE7B4}.Debug|Mixed Platforms.ActiveCfg = Debug|x64
		{DB86CE53-028B-4407-907C-7CCA0F6AE7B4}.Debug|Mixed Platforms.Build.0 = Debug|x64
		{DB86CE53-028B-4407-907C-7CCA0F6AE7B4}.Debug|Win32.ActiveCfg = Debug|x86
		{DB86CE53-028B-4407-907C-7CCA0F6AE7B4}.Debug|x64.ActiveCfg = Debug|x64
		{DB86CE53-028B-4407-907C-7CCA0F6AE7B4}.Debug|x86.ActiveCfg = Debug|x86
		{DB86CE53-028B-4407-907C-7CCA0F6AE7B4}.Debug|x86.Build.0 = Debug|x86
		{DB86CE53-028B-4407-907C-7CCA0F6AE7B4}.Release|Any CPU.ActiveCfg = Release|x64
		{DB86CE53-028B-4407-907C-7CCA0F6AE7B4}.Release|Any CPU.Build.0 = Release|x64
		{DB86CE53-028B-4407-907C-7CCA0F6AE7B4}.Release|Mixed Platforms.ActiveCfg = Release|x64
		{DB86CE53-028B-4407-907C-7CCA0F6AE7B4}.Release|Mixed Platforms.Build.0 = Release|x64
		{DB86CE53-028B-4407-907C-7CCA0F6AE7B4}.Release|Win32.ActiveCfg = Release|x86
		{DB86CE53-028B-4407-907C-7CCA0F6AE7B4}.Release|x64.ActiveCfg = Release|x64
		{DB86CE53-028B-4407-907C-7CCA0F6AE7B4}.Release|x64.Build.0 = Release|x64
		{DB86CE53-028B-4407-907C-7CCA0F6AE7B4}.Release|x86.ActiveCfg = Release|x86
		{DB86CE53-028B-4407-907C-7CCA0F6AE7B4}.Release|x86.Build.0 = Release|x86
		{D56A3575-D0FD-45DD-82A1-D0BA3BAE834A}.Debug|Any CPU.ActiveCfg = Debug|x64
		{D56A3575-D0FD-45DD-82A1-D0BA3BAE834A}.Debug|Mixed Platforms.ActiveCfg = Debug|x64
		{D56A3575-D0FD-45DD-82A1-D0BA3BAE834A}.Debug|Mixed Platforms.Build.0 = Debug|x64
		{D56A3575-D0FD-45DD-82A1-D0BA3BAE834A}.Debug|Win32.ActiveCfg = Debug|x86
		{D56A3575-D0FD-45DD-82A1-D0BA3BAE834A}.Debug|x64.ActiveCfg = Debug|x64
		{D56A3575-D0FD-45DD-82A1-D0BA3BAE834A}.Debug|x86.ActiveCfg = Debug|x86
		{D56A3575-D0FD-45DD-82A1-D0BA3BAE834A}.Debug|x86.Build.0 = Debug|x86
		{D56A3575-D0FD-45DD-82A1-D0BA3BAE834A}.Release|Any CPU.ActiveCfg = Release|x64
		{D56A3575-D0FD-45DD-82A1-D0BA3BAE834A}.Release|Any CPU.Build.0 = Release|x64
		{D56A3575-D0FD-45DD-82A1-D0BA3BAE834A}.Release|Mixed Platforms.ActiveCfg = Release|x64
		{D56A3575-D0FD-45DD-82A1-D0BA3BAE834A}.Release|Mixed Platforms.Build.0 = Release|x64
		{D56A3575-D0FD-45DD-82A1-D0BA3BAE834A}.Release|Win32.ActiveCfg = Release|x86
		{D56A3575-D0FD-45DD-82A1-D0BA3BAE834A}.Release|x64.ActiveCfg = Release|x64
		{D56A3575-D0FD-45DD-82A1-D0BA3BAE834A}.Release|x64.Build.0 = Release|x64
		{D56A3575-D0FD-45DD-82A1-D0BA3BAE834A}.Release|x86.ActiveCfg = Release|x86
		{D56A3575-D0FD-45DD-82A1-D0BA3BAE834A}.Release|x86.Build.0 = Release|x86
		{3C922751-4E88-47F8-89D7-1D3D4BC4E533}.Debug|Any CPU.ActiveCfg = Debug|x64
		{3C922751-4E88-47F8-89D7-1D3D4BC4E533}.Debug|Any CPU.Build.0 = Debug|x64
		{3C922751-4E88-47F8-89D7-1D3D4BC4E533}.Debug|Mixed Platforms.ActiveCfg = Debug|x64
		{3C922751-4E88-47F8-89D7-1D3D4BC4E533}.Debug|Mixed Platforms.Build.0 = Debug|x64
		{3C922751-4E88-47F8-89D7-1D3D4BC4E533}.Debug|Win32.ActiveCfg = Debug|x86
		{3C922751-4E88-47F8-89D7-1D3D4BC4E533}.Debug|x64.ActiveCfg = Debug|x86
		{3C922751-4E88-47F8-89D7-1D3D4BC4E533}.Debug|x86.ActiveCfg = Debug|x86
		{3C922751-4E88-47F8-89D7-1D3D4BC4E533}.Debug|x86.Build.0 = Debug|x86
		{3C922751-4E88-47F8-89D7-1D3D4BC4E533}.Release|Any CPU.ActiveCfg = Release|x86
		{3C922751-4E88-47F8-89D7-1D3D4BC4E533}.Release|Mixed Platforms.ActiveCfg = Release|x64
		{3C922751-4E88-47F8-89D7-1D3D4BC4E533}.Release|Mixed Platforms.Build.0 = Release|x64
		{3C922751-4E88-47F8-89D7-1D3D4BC4E533}.Release|Win32.ActiveCfg = Release|x86
		{3C922751-4E88-47F8-89D7-1D3D4BC4E533}.Release|x64.ActiveCfg = Release|x86
		{3C922751-4E88-47F8-89D7-1D3D4BC4E533}.Release|x86.ActiveCfg = Release|x86
		{3C922751-4E88-47F8-89D7-1D3D4BC4E533}.Release|x86.Build.0 = Release|x86
		{82A4D072-D917-47EF-AE1B-D1FF61F1238D}.Debug|Any CPU.ActiveCfg = Debug|x64
		{82A4D072-D917-47EF-AE1B-D1FF61F1238D}.Debug|Any CPU.Build.0 = Debug|x64
		{82A4D072-D917-47EF-AE1B-D1FF61F1238D}.Debug|Mixed Platforms.ActiveCfg = Debug|x64
		{82A4D072-D917-47EF-AE1B-D1FF61F1238D}.Debug|Mixed Platforms.Build.0 = Debug|x64
		{82A4D072-D917-47EF-AE1B-D1FF61F1238D}.Debug|Win32.ActiveCfg = Debug|x86
		{82A4D072-D917-47EF-AE1B-D1FF61F1238D}.Debug|x64.ActiveCfg = Debug|x86
		{82A4D072-D917-47EF-AE1B-D1FF61F1238D}.Debug|x86.ActiveCfg = Debug|x86
		{82A4D072-D917-47EF-AE1B-D1FF61F1238D}.Debug|x86.Build.0 = Debug|x86
		{82A4D072-D917-47EF-AE1B-D1FF61F1238D}.Release|Any CPU.ActiveCfg = Release|x86
		{82A4D072-D917-47EF-AE1B-D1FF61F1238D}.Release|Mixed Platforms.ActiveCfg = Release|x64
		{82A4D072-D917-47EF-AE1B-D1FF61F1238D}.Release|Mixed Platforms.Build.0 = Release|x64
		{82A4D072-D917-47EF-AE1B-D1FF61F1238D}.Release|Win32.ActiveCfg = Release|x86
		{82A4D072-D917-47EF-AE1B-D1FF61F1238D}.Release|x64.ActiveCfg = Release|x86
		{82A4D072-D917-47EF-AE1B-D1FF61F1238D}.Release|x86.ActiveCfg = Release|x86
		{82A4D072-D917-47EF-AE1B-D1FF61F1238D}.Release|x86.Build.0 = Release|x86
		{A81DC854-379B-4EF7-8FB3-0FD857B1B960}.Debug|Any CPU.ActiveCfg = Debug|Any CPU
		{A81DC854-379B-4EF7-8FB3-0FD857B1B960}.Debug|Any CPU.Build.0 = Debug|Any CPU
		{A81DC854-379B-4EF7-8FB3-0FD857B1B960}.Debug|Mixed Platforms.ActiveCfg = Debug|Any CPU
		{A81DC854-379B-4EF7-8FB3-0FD857B1B960}.Debug|Mixed Platforms.Build.0 = Debug|Any CPU
		{A81DC854-379B-4EF7-8FB3-0FD857B1B960}.Debug|Win32.ActiveCfg = Debug|Any CPU
		{A81DC854-379B-4EF7-8FB3-0FD857B1B960}.Debug|Win32.Build.0 = Debug|Any CPU
		{A81DC854-379B-4EF7-8FB3-0FD857B1B960}.Debug|x64.ActiveCfg = Debug|Any CPU
		{A81DC854-379B-4EF7-8FB3-0FD857B1B960}.Debug|x64.Build.0 = Debug|Any CPU
		{A81DC854-379B-4EF7-8FB3-0FD857B1B960}.Debug|x86.ActiveCfg = Debug|Any CPU
		{A81DC854-379B-4EF7-8FB3-0FD857B1B960}.Debug|x86.Build.0 = Debug|Any CPU
		{A81DC854-379B-4EF7-8FB3-0FD857B1B960}.Release|Any CPU.ActiveCfg = Release|Any CPU
		{A81DC854-379B-4EF7-8FB3-0FD857B1B960}.Release|Any CPU.Build.0 = Release|Any CPU
		{A81DC854-379B-4EF7-8FB3-0FD857B1B960}.Release|Mixed Platforms.ActiveCfg = Release|Any CPU
		{A81DC854-379B-4EF7-8FB3-0FD857B1B960}.Release|Mixed Platforms.Build.0 = Release|Any CPU
		{A81DC854-379B-4EF7-8FB3-0FD857B1B960}.Release|Win32.ActiveCfg = Release|Any CPU
		{A81DC854-379B-4EF7-8FB3-0FD857B1B960}.Release|Win32.Build.0 = Release|Any CPU
		{A81DC854-379B-4EF7-8FB3-0FD857B1B960}.Release|x64.ActiveCfg = Release|Any CPU
		{A81DC854-379B-4EF7-8FB3-0FD857B1B960}.Release|x64.Build.0 = Release|Any CPU
		{A81DC854-379B-4EF7-8FB3-0FD857B1B960}.Release|x86.ActiveCfg = Release|Any CPU
		{A81DC854-379B-4EF7-8FB3-0FD857B1B960}.Release|x86.Build.0 = Release|Any CPU
		{2BF7A78C-C6F4-4AFB-BE09-48B2B13F45E7}.Debug|Any CPU.ActiveCfg = Debug|Any CPU
		{2BF7A78C-C6F4-4AFB-BE09-48B2B13F45E7}.Debug|Any CPU.Build.0 = Debug|Any CPU
		{2BF7A78C-C6F4-4AFB-BE09-48B2B13F45E7}.Debug|Mixed Platforms.ActiveCfg = Debug|Any CPU
		{2BF7A78C-C6F4-4AFB-BE09-48B2B13F45E7}.Debug|Mixed Platforms.Build.0 = Debug|Any CPU
		{2BF7A78C-C6F4-4AFB-BE09-48B2B13F45E7}.Debug|Win32.ActiveCfg = Debug|Any CPU
		{2BF7A78C-C6F4-4AFB-BE09-48B2B13F45E7}.Debug|Win32.Build.0 = Debug|Any CPU
		{2BF7A78C-C6F4-4AFB-BE09-48B2B13F45E7}.Debug|x64.ActiveCfg = Debug|Any CPU
		{2BF7A78C-C6F4-4AFB-BE09-48B2B13F45E7}.Debug|x64.Build.0 = Debug|Any CPU
		{2BF7A78C-C6F4-4AFB-BE09-48B2B13F45E7}.Debug|x86.ActiveCfg = Debug|Any CPU
		{2BF7A78C-C6F4-4AFB-BE09-48B2B13F45E7}.Debug|x86.Build.0 = Debug|Any CPU
		{2BF7A78C-C6F4-4AFB-BE09-48B2B13F45E7}.Release|Any CPU.ActiveCfg = Release|Any CPU
		{2BF7A78C-C6F4-4AFB-BE09-48B2B13F45E7}.Release|Any CPU.Build.0 = Release|Any CPU
		{2BF7A78C-C6F4-4AFB-BE09-48B2B13F45E7}.Release|Mixed Platforms.ActiveCfg = Release|Any CPU
		{2BF7A78C-C6F4-4AFB-BE09-48B2B13F45E7}.Release|Mixed Platforms.Build.0 = Release|Any CPU
		{2BF7A78C-C6F4-4AFB-BE09-48B2B13F45E7}.Release|Win32.ActiveCfg = Release|Any CPU
		{2BF7A78C-C6F4-4AFB-BE09-48B2B13F45E7}.Release|Win32.Build.0 = Release|Any CPU
		{2BF7A78C-C6F4-4AFB-BE09-48B2B13F45E7}.Release|x64.ActiveCfg = Release|Any CPU
		{2BF7A78C-C6F4-4AFB-BE09-48B2B13F45E7}.Release|x64.Build.0 = Release|Any CPU
		{2BF7A78C-C6F4-4AFB-BE09-48B2B13F45E7}.Release|x86.ActiveCfg = Release|Any CPU
		{2BF7A78C-C6F4-4AFB-BE09-48B2B13F45E7}.Release|x86.Build.0 = Release|Any CPU
		{3A0ABB96-F33E-472A-998E-535A4F9668DB}.Debug|Any CPU.ActiveCfg = Debug|Any CPU
		{3A0ABB96-F33E-472A-998E-535A4F9668DB}.Debug|Any CPU.Build.0 = Debug|Any CPU
		{3A0ABB96-F33E-472A-998E-535A4F9668DB}.Debug|Mixed Platforms.ActiveCfg = Debug|Any CPU
		{3A0ABB96-F33E-472A-998E-535A4F9668DB}.Debug|Mixed Platforms.Build.0 = Debug|Any CPU
		{3A0ABB96-F33E-472A-998E-535A4F9668DB}.Debug|Win32.ActiveCfg = Debug|Any CPU
		{3A0ABB96-F33E-472A-998E-535A4F9668DB}.Debug|Win32.Build.0 = Debug|Any CPU
		{3A0ABB96-F33E-472A-998E-535A4F9668DB}.Debug|x64.ActiveCfg = Debug|Any CPU
		{3A0ABB96-F33E-472A-998E-535A4F9668DB}.Debug|x64.Build.0 = Debug|Any CPU
		{3A0ABB96-F33E-472A-998E-535A4F9668DB}.Debug|x86.ActiveCfg = Debug|Any CPU
		{3A0ABB96-F33E-472A-998E-535A4F9668DB}.Debug|x86.Build.0 = Debug|Any CPU
		{3A0ABB96-F33E-472A-998E-535A4F9668DB}.Debug|x86.Deploy.0 = Debug|Any CPU
		{3A0ABB96-F33E-472A-998E-535A4F9668DB}.Release|Any CPU.ActiveCfg = Release|Any CPU
		{3A0ABB96-F33E-472A-998E-535A4F9668DB}.Release|Any CPU.Build.0 = Release|Any CPU
		{3A0ABB96-F33E-472A-998E-535A4F9668DB}.Release|Mixed Platforms.ActiveCfg = Release|Any CPU
		{3A0ABB96-F33E-472A-998E-535A4F9668DB}.Release|Mixed Platforms.Build.0 = Release|Any CPU
		{3A0ABB96-F33E-472A-998E-535A4F9668DB}.Release|Win32.ActiveCfg = Release|Any CPU
		{3A0ABB96-F33E-472A-998E-535A4F9668DB}.Release|Win32.Build.0 = Release|Any CPU
		{3A0ABB96-F33E-472A-998E-535A4F9668DB}.Release|x64.ActiveCfg = Release|Any CPU
		{3A0ABB96-F33E-472A-998E-535A4F9668DB}.Release|x64.Build.0 = Release|Any CPU
		{3A0ABB96-F33E-472A-998E-535A4F9668DB}.Release|x86.ActiveCfg = Release|Any CPU
		{3A0ABB96-F33E-472A-998E-535A4F9668DB}.Release|x86.Build.0 = Release|Any CPU
		{C15B0D58-A30A-4F45-AFE9-C6E2295305E1}.Debug|Any CPU.ActiveCfg = Debug|Any CPU
		{C15B0D58-A30A-4F45-AFE9-C6E2295305E1}.Debug|Any CPU.Build.0 = Debug|Any CPU
		{C15B0D58-A30A-4F45-AFE9-C6E2295305E1}.Debug|Mixed Platforms.ActiveCfg = Debug|Any CPU
		{C15B0D58-A30A-4F45-AFE9-C6E2295305E1}.Debug|Mixed Platforms.Build.0 = Debug|Any CPU
		{C15B0D58-A30A-4F45-AFE9-C6E2295305E1}.Debug|Win32.ActiveCfg = Debug|Any CPU
		{C15B0D58-A30A-4F45-AFE9-C6E2295305E1}.Debug|Win32.Build.0 = Debug|Any CPU
		{C15B0D58-A30A-4F45-AFE9-C6E2295305E1}.Debug|x64.ActiveCfg = Debug|Any CPU
		{C15B0D58-A30A-4F45-AFE9-C6E2295305E1}.Debug|x64.Build.0 = Debug|Any CPU
		{C15B0D58-A30A-4F45-AFE9-C6E2295305E1}.Debug|x86.ActiveCfg = Debug|Any CPU
		{C15B0D58-A30A-4F45-AFE9-C6E2295305E1}.Debug|x86.Build.0 = Debug|Any CPU
		{C15B0D58-A30A-4F45-AFE9-C6E2295305E1}.Release|Any CPU.ActiveCfg = Release|Any CPU
		{C15B0D58-A30A-4F45-AFE9-C6E2295305E1}.Release|Any CPU.Build.0 = Release|Any CPU
		{C15B0D58-A30A-4F45-AFE9-C6E2295305E1}.Release|Mixed Platforms.ActiveCfg = Release|Any CPU
		{C15B0D58-A30A-4F45-AFE9-C6E2295305E1}.Release|Mixed Platforms.Build.0 = Release|Any CPU
		{C15B0D58-A30A-4F45-AFE9-C6E2295305E1}.Release|Win32.ActiveCfg = Release|Any CPU
		{C15B0D58-A30A-4F45-AFE9-C6E2295305E1}.Release|Win32.Build.0 = Release|Any CPU
		{C15B0D58-A30A-4F45-AFE9-C6E2295305E1}.Release|x64.ActiveCfg = Release|Any CPU
		{C15B0D58-A30A-4F45-AFE9-C6E2295305E1}.Release|x64.Build.0 = Release|Any CPU
		{C15B0D58-A30A-4F45-AFE9-C6E2295305E1}.Release|x86.ActiveCfg = Release|Any CPU
		{C15B0D58-A30A-4F45-AFE9-C6E2295305E1}.Release|x86.Build.0 = Release|Any CPU
		{8F8485F6-449F-4512-B61F-6E834A16D6C4}.Debug|Any CPU.ActiveCfg = Debug|Any CPU
		{8F8485F6-449F-4512-B61F-6E834A16D6C4}.Debug|Any CPU.Build.0 = Debug|Any CPU
		{8F8485F6-449F-4512-B61F-6E834A16D6C4}.Debug|Mixed Platforms.ActiveCfg = Debug|Any CPU
		{8F8485F6-449F-4512-B61F-6E834A16D6C4}.Debug|Mixed Platforms.Build.0 = Debug|Any CPU
		{8F8485F6-449F-4512-B61F-6E834A16D6C4}.Debug|Win32.ActiveCfg = Debug|Any CPU
		{8F8485F6-449F-4512-B61F-6E834A16D6C4}.Debug|Win32.Build.0 = Debug|Any CPU
		{8F8485F6-449F-4512-B61F-6E834A16D6C4}.Debug|x64.ActiveCfg = Debug|Any CPU
		{8F8485F6-449F-4512-B61F-6E834A16D6C4}.Debug|x64.Build.0 = Debug|Any CPU
		{8F8485F6-449F-4512-B61F-6E834A16D6C4}.Debug|x86.ActiveCfg = Debug|Any CPU
		{8F8485F6-449F-4512-B61F-6E834A16D6C4}.Debug|x86.Build.0 = Debug|Any CPU
		{8F8485F6-449F-4512-B61F-6E834A16D6C4}.Release|Any CPU.ActiveCfg = Release|Any CPU
		{8F8485F6-449F-4512-B61F-6E834A16D6C4}.Release|Any CPU.Build.0 = Release|Any CPU
		{8F8485F6-449F-4512-B61F-6E834A16D6C4}.Release|Mixed Platforms.ActiveCfg = Release|Any CPU
		{8F8485F6-449F-4512-B61F-6E834A16D6C4}.Release|Mixed Platforms.Build.0 = Release|Any CPU
		{8F8485F6-449F-4512-B61F-6E834A16D6C4}.Release|Win32.ActiveCfg = Release|Any CPU
		{8F8485F6-449F-4512-B61F-6E834A16D6C4}.Release|Win32.Build.0 = Release|Any CPU
		{8F8485F6-449F-4512-B61F-6E834A16D6C4}.Release|x64.ActiveCfg = Release|Any CPU
		{8F8485F6-449F-4512-B61F-6E834A16D6C4}.Release|x64.Build.0 = Release|Any CPU
		{8F8485F6-449F-4512-B61F-6E834A16D6C4}.Release|x86.ActiveCfg = Release|Any CPU
		{8F8485F6-449F-4512-B61F-6E834A16D6C4}.Release|x86.Build.0 = Release|Any CPU
		{C262B96D-E51A-4293-8271-40D00DBB8B7E}.Debug|Any CPU.ActiveCfg = Debug|Any CPU
		{C262B96D-E51A-4293-8271-40D00DBB8B7E}.Debug|Any CPU.Build.0 = Debug|Any CPU
		{C262B96D-E51A-4293-8271-40D00DBB8B7E}.Debug|Mixed Platforms.ActiveCfg = Debug|Any CPU
		{C262B96D-E51A-4293-8271-40D00DBB8B7E}.Debug|Mixed Platforms.Build.0 = Debug|Any CPU
		{C262B96D-E51A-4293-8271-40D00DBB8B7E}.Debug|Win32.ActiveCfg = Debug|Any CPU
		{C262B96D-E51A-4293-8271-40D00DBB8B7E}.Debug|Win32.Build.0 = Debug|Any CPU
		{C262B96D-E51A-4293-8271-40D00DBB8B7E}.Debug|x64.ActiveCfg = Debug|Any CPU
		{C262B96D-E51A-4293-8271-40D00DBB8B7E}.Debug|x64.Build.0 = Debug|Any CPU
		{C262B96D-E51A-4293-8271-40D00DBB8B7E}.Debug|x86.ActiveCfg = Debug|Any CPU
		{C262B96D-E51A-4293-8271-40D00DBB8B7E}.Debug|x86.Build.0 = Debug|Any CPU
		{C262B96D-E51A-4293-8271-40D00DBB8B7E}.Release|Any CPU.ActiveCfg = Release|Any CPU
		{C262B96D-E51A-4293-8271-40D00DBB8B7E}.Release|Any CPU.Build.0 = Release|Any CPU
		{C262B96D-E51A-4293-8271-40D00DBB8B7E}.Release|Mixed Platforms.ActiveCfg = Release|Any CPU
		{C262B96D-E51A-4293-8271-40D00DBB8B7E}.Release|Mixed Platforms.Build.0 = Release|Any CPU
		{C262B96D-E51A-4293-8271-40D00DBB8B7E}.Release|Win32.ActiveCfg = Release|Any CPU
		{C262B96D-E51A-4293-8271-40D00DBB8B7E}.Release|Win32.Build.0 = Release|Any CPU
		{C262B96D-E51A-4293-8271-40D00DBB8B7E}.Release|x64.ActiveCfg = Release|Any CPU
		{C262B96D-E51A-4293-8271-40D00DBB8B7E}.Release|x64.Build.0 = Release|Any CPU
		{C262B96D-E51A-4293-8271-40D00DBB8B7E}.Release|x86.ActiveCfg = Release|Any CPU
		{C262B96D-E51A-4293-8271-40D00DBB8B7E}.Release|x86.Build.0 = Release|Any CPU
		{16FE7FA8-267E-45C8-9C27-FF396EBA789C}.Debug|Any CPU.ActiveCfg = Debug|Any CPU
		{16FE7FA8-267E-45C8-9C27-FF396EBA789C}.Debug|Any CPU.Build.0 = Debug|Any CPU
		{16FE7FA8-267E-45C8-9C27-FF396EBA789C}.Debug|Mixed Platforms.ActiveCfg = Debug|Any CPU
		{16FE7FA8-267E-45C8-9C27-FF396EBA789C}.Debug|Mixed Platforms.Build.0 = Debug|Any CPU
		{16FE7FA8-267E-45C8-9C27-FF396EBA789C}.Debug|Win32.ActiveCfg = Debug|Any CPU
		{16FE7FA8-267E-45C8-9C27-FF396EBA789C}.Debug|Win32.Build.0 = Debug|Any CPU
		{16FE7FA8-267E-45C8-9C27-FF396EBA789C}.Debug|x64.ActiveCfg = Debug|Any CPU
		{16FE7FA8-267E-45C8-9C27-FF396EBA789C}.Debug|x64.Build.0 = Debug|Any CPU
		{16FE7FA8-267E-45C8-9C27-FF396EBA789C}.Debug|x86.ActiveCfg = Debug|Any CPU
		{16FE7FA8-267E-45C8-9C27-FF396EBA789C}.Debug|x86.Build.0 = Debug|Any CPU
		{16FE7FA8-267E-45C8-9C27-FF396EBA789C}.Release|Any CPU.ActiveCfg = Release|Any CPU
		{16FE7FA8-267E-45C8-9C27-FF396EBA789C}.Release|Any CPU.Build.0 = Release|Any CPU
		{16FE7FA8-267E-45C8-9C27-FF396EBA789C}.Release|Mixed Platforms.ActiveCfg = Release|Any CPU
		{16FE7FA8-267E-45C8-9C27-FF396EBA789C}.Release|Mixed Platforms.Build.0 = Release|Any CPU
		{16FE7FA8-267E-45C8-9C27-FF396EBA789C}.Release|Win32.ActiveCfg = Release|Any CPU
		{16FE7FA8-267E-45C8-9C27-FF396EBA789C}.Release|Win32.Build.0 = Release|Any CPU
		{16FE7FA8-267E-45C8-9C27-FF396EBA789C}.Release|x64.ActiveCfg = Release|Any CPU
		{16FE7FA8-267E-45C8-9C27-FF396EBA789C}.Release|x64.Build.0 = Release|Any CPU
		{16FE7FA8-267E-45C8-9C27-FF396EBA789C}.Release|x86.ActiveCfg = Release|Any CPU
		{16FE7FA8-267E-45C8-9C27-FF396EBA789C}.Release|x86.Build.0 = Release|Any CPU
		{9F6B4C96-40A8-46D0-9FE5-C501A2F9A4A4}.Debug|Any CPU.ActiveCfg = Debug|Any CPU
		{9F6B4C96-40A8-46D0-9FE5-C501A2F9A4A4}.Debug|Any CPU.Build.0 = Debug|Any CPU
		{9F6B4C96-40A8-46D0-9FE5-C501A2F9A4A4}.Debug|Mixed Platforms.ActiveCfg = Debug|Any CPU
		{9F6B4C96-40A8-46D0-9FE5-C501A2F9A4A4}.Debug|Mixed Platforms.Build.0 = Debug|Any CPU
		{9F6B4C96-40A8-46D0-9FE5-C501A2F9A4A4}.Debug|Win32.ActiveCfg = Debug|Any CPU
		{9F6B4C96-40A8-46D0-9FE5-C501A2F9A4A4}.Debug|Win32.Build.0 = Debug|Any CPU
		{9F6B4C96-40A8-46D0-9FE5-C501A2F9A4A4}.Debug|x64.ActiveCfg = Debug|Any CPU
		{9F6B4C96-40A8-46D0-9FE5-C501A2F9A4A4}.Debug|x64.Build.0 = Debug|Any CPU
		{9F6B4C96-40A8-46D0-9FE5-C501A2F9A4A4}.Debug|x86.ActiveCfg = Debug|Any CPU
		{9F6B4C96-40A8-46D0-9FE5-C501A2F9A4A4}.Debug|x86.Build.0 = Debug|Any CPU
		{9F6B4C96-40A8-46D0-9FE5-C501A2F9A4A4}.Release|Any CPU.ActiveCfg = Release|Any CPU
		{9F6B4C96-40A8-46D0-9FE5-C501A2F9A4A4}.Release|Any CPU.Build.0 = Release|Any CPU
		{9F6B4C96-40A8-46D0-9FE5-C501A2F9A4A4}.Release|Mixed Platforms.ActiveCfg = Release|Any CPU
		{9F6B4C96-40A8-46D0-9FE5-C501A2F9A4A4}.Release|Mixed Platforms.Build.0 = Release|Any CPU
		{9F6B4C96-40A8-46D0-9FE5-C501A2F9A4A4}.Release|Win32.ActiveCfg = Release|Any CPU
		{9F6B4C96-40A8-46D0-9FE5-C501A2F9A4A4}.Release|Win32.Build.0 = Release|Any CPU
		{9F6B4C96-40A8-46D0-9FE5-C501A2F9A4A4}.Release|x64.ActiveCfg = Release|Any CPU
		{9F6B4C96-40A8-46D0-9FE5-C501A2F9A4A4}.Release|x64.Build.0 = Release|Any CPU
		{9F6B4C96-40A8-46D0-9FE5-C501A2F9A4A4}.Release|x86.ActiveCfg = Release|Any CPU
		{9F6B4C96-40A8-46D0-9FE5-C501A2F9A4A4}.Release|x86.Build.0 = Release|Any CPU
	EndGlobalSection
	GlobalSection(SolutionProperties) = preSolution
		HideSolutionNode = FALSE
	EndGlobalSection
EndGlobal
